
Microsoft Visual Studio Solution File, Format Version 12.00
# Visual Studio Version 16
VisualStudioVersion = 16.0.30330.147
MinimumVisualStudioVersion = 10.0.40219.1
Project("{FAE04EC0-301F-11D3-BF4B-00C04F79EFBC}") = "QRCodeExample", "QRCodeExample\QRCodeExample.csproj", "{EF38D753-7832-493C-A216-0F44F0B38BE9}"
EndProject
Global
	GlobalSection(SolutionConfigurationPlatforms) = preSolution
		Debug|Any CPU = Debug|Any CPU
		Release|Any CPU = Release|Any CPU
	EndGlobalSection
	GlobalSection(ProjectConfigurationPlatforms) = postSolution
		{EF38D753-7832-493C-A216-0F44F0B38BE9}.Debug|Any CPU.ActiveCfg = Debug|Any CPU
		{EF38D753-7832-493C-A216-0F44F0B38BE9}.Debug|Any CPU.Build.0 = Debug|Any CPU
		{EF38D753-7832-493C-A216-0F44F0B38BE9}.Release|Any CPU.ActiveCfg = Release|Any CPU
		{EF38D753-7832-493C-A216-0F44F0B38BE9}.Release|Any CPU.Build.0 = Release|Any CPU
	EndGlobalSection
	GlobalSection(SolutionProperties) = preSolution
		HideSolutionNode = FALSE
	EndGlobalSection
	GlobalSection(ExtensibilityGlobals) = postSolution
		SolutionGuid = {946AB49D-55C0-481D-8421-9D08A839D04A}
	EndGlobalSection
EndGlobal
